// !$*UTF8*$!
{
	archiveVersion = 1;
	classes = {
	};
	objectVersion = 56;
	objects = {

/* Begin PBXBuildFile section */
		2D2800942BCE1F20007A55D5 /* MusicBoxApp.swift in Sources */ = {isa = PBXBuildFile; fileRef = 2D2800932BCE1F20007A55D5 /* MusicBoxApp.swift */; };
		2D2800962BCE1F20007A55D5 /* ContentView.swift in Sources */ = {isa = PBXBuildFile; fileRef = 2D2800952BCE1F20007A55D5 /* ContentView.swift */; };
		2D2800982BCE1F21007A55D5 /* Assets.xcassets in Resources */ = {isa = PBXBuildFile; fileRef = 2D2800972BCE1F21007A55D5 /* Assets.xcassets */; };
		2D28009B2BCE1F21007A55D5 /* Preview Assets.xcassets in Resources */ = {isa = PBXBuildFile; fileRef = 2D28009A2BCE1F21007A55D5 /* Preview Assets.xcassets */; };
		2D2800A32BCF6998007A55D5 /* PlayerControlView.swift in Sources */ = {isa = PBXBuildFile; fileRef = 2D2800A22BCF6998007A55D5 /* PlayerControlView.swift */; };
		2D2800DC2BD21FE9007A55D5 /* NowPlayingCenter.swift in Sources */ = {isa = PBXBuildFile; fileRef = 2D2800D82BD21FE9007A55D5 /* NowPlayingCenter.swift */; };
		2D2800DD2BD21FE9007A55D5 /* PlaylistItem.swift in Sources */ = {isa = PBXBuildFile; fileRef = 2D2800D92BD21FE9007A55D5 /* PlaylistItem.swift */; };
		2D2800DE2BD21FE9007A55D5 /* RemoteCommandCenter.swift in Sources */ = {isa = PBXBuildFile; fileRef = 2D2800DA2BD21FE9007A55D5 /* RemoteCommandCenter.swift */; };
		2D3A45842BE3A90F006CD909 /* QCloudMusicApi.h in Sources */ = {isa = PBXBuildFile; fileRef = 2D3A45832BE3A90F006CD909 /* QCloudMusicApi.h */; };
		2D3A45902BE3C3A6006CD909 /* QCloudMusicApi.dylib in Frameworks */ = {isa = PBXBuildFile; fileRef = 2D3A45852BE3A9E1006CD909 /* QCloudMusicApi.dylib */; };
		2D3A45912BE3C3A6006CD909 /* QCloudMusicApi.dylib in Embed Libraries */ = {isa = PBXBuildFile; fileRef = 2D3A45852BE3A9E1006CD909 /* QCloudMusicApi.dylib */; settings = {ATTRIBUTES = (CodeSignOnCopy, ); }; };
		2D3A45A02BE3C591006CD909 /* libqcertonlybackend.dylib in CopyFiles */ = {isa = PBXBuildFile; fileRef = 2D3A459D2BE3C591006CD909 /* libqcertonlybackend.dylib */; settings = {ATTRIBUTES = (CodeSignOnCopy, ); }; };
		2D3A45A12BE3C591006CD909 /* libqsecuretransportbackend.dylib in CopyFiles */ = {isa = PBXBuildFile; fileRef = 2D3A459E2BE3C591006CD909 /* libqsecuretransportbackend.dylib */; settings = {ATTRIBUTES = (CodeSignOnCopy, ); }; };
		2D3A45A22BE3C591006CD909 /* libqopensslbackend.dylib in CopyFiles */ = {isa = PBXBuildFile; fileRef = 2D3A459F2BE3C591006CD909 /* libqopensslbackend.dylib */; settings = {ATTRIBUTES = (CodeSignOnCopy, ); }; };
		2D3A45A62BE86F75006CD909 /* Player.swift in Sources */ = {isa = PBXBuildFile; fileRef = 2D3A45A52BE86F75006CD909 /* Player.swift */; };
		2D3A45A82BE916C8006CD909 /* NowPlaying.swift in Sources */ = {isa = PBXBuildFile; fileRef = 2D3A45A72BE916C8006CD909 /* NowPlaying.swift */; };
		2DC73A7E2BFA38BF0015EB06 /* Utils.swift in Sources */ = {isa = PBXBuildFile; fileRef = 2DC73A7D2BFA38BF0015EB06 /* Utils.swift */; };
		2DC8FDB32BF7C58900D21F6A /* CachingPlayerItem.swift in Sources */ = {isa = PBXBuildFile; fileRef = 2DC8FDAD2BF7C58900D21F6A /* CachingPlayerItem.swift */; };
		2DC8FDB42BF7C58900D21F6A /* CachingPlayerItemConfiguration.swift in Sources */ = {isa = PBXBuildFile; fileRef = 2DC8FDAE2BF7C58900D21F6A /* CachingPlayerItemConfiguration.swift */; };
		2DC8FDB52BF7C58900D21F6A /* MediaFileHandle.swift in Sources */ = {isa = PBXBuildFile; fileRef = 2DC8FDAF2BF7C58900D21F6A /* MediaFileHandle.swift */; };
		2DC8FDB62BF7C58900D21F6A /* ResourceLoaderDelegate.swift in Sources */ = {isa = PBXBuildFile; fileRef = 2DC8FDB02BF7C58900D21F6A /* ResourceLoaderDelegate.swift */; };
		2DC8FDB72BF7C58900D21F6A /* URLExtension.swift in Sources */ = {isa = PBXBuildFile; fileRef = 2DC8FDB12BF7C58900D21F6A /* URLExtension.swift */; };
		2DC8FDB92BF8A8A400D21F6A /* Explore.swift in Sources */ = {isa = PBXBuildFile; fileRef = 2DC8FDB82BF8A8A400D21F6A /* Explore.swift */; };
		2DED51CB2BD2823E00F9D181 /* PlayList.swift in Sources */ = {isa = PBXBuildFile; fileRef = 2DED51CA2BD2823E00F9D181 /* PlayList.swift */; };
		2DED51CD2BD2AD7A00F9D181 /* Debug.swift in Sources */ = {isa = PBXBuildFile; fileRef = 2DED51CC2BD2AD7A00F9D181 /* Debug.swift */; };
		2DED51CF2BD3806D00F9D181 /* CloudMusicApi.swift in Sources */ = {isa = PBXBuildFile; fileRef = 2DED51CE2BD3806D00F9D181 /* CloudMusicApi.swift */; };
		2DED51EE2BD3F62100F9D181 /* Extensions.swift in Sources */ = {isa = PBXBuildFile; fileRef = 2DED51ED2BD3F62100F9D181 /* Extensions.swift */; };
		2DFB58D72BF0744100D488F4 /* Account.swift in Sources */ = {isa = PBXBuildFile; fileRef = 2DFB58D62BF0744100D488F4 /* Account.swift */; };
		2DFB58D92BF1B8EC00D488F4 /* QtCore.framework in Frameworks */ = {isa = PBXBuildFile; fileRef = 2DFB58D82BF1B8EC00D488F4 /* QtCore.framework */; };
		2DFB58DA2BF1B8EC00D488F4 /* QtCore.framework in Embed Libraries */ = {isa = PBXBuildFile; fileRef = 2DFB58D82BF1B8EC00D488F4 /* QtCore.framework */; settings = {ATTRIBUTES = (CodeSignOnCopy, RemoveHeadersOnCopy, ); }; };
		2DFB58DC2BF1B90000D488F4 /* QtNetwork.framework in Frameworks */ = {isa = PBXBuildFile; fileRef = 2DFB58DB2BF1B90000D488F4 /* QtNetwork.framework */; };
		2DFB58DD2BF1B90000D488F4 /* QtNetwork.framework in Embed Libraries */ = {isa = PBXBuildFile; fileRef = 2DFB58DB2BF1B90000D488F4 /* QtNetwork.framework */; settings = {ATTRIBUTES = (CodeSignOnCopy, RemoveHeadersOnCopy, ); }; };
		2DFB58E02BF24D7600D488F4 /* libssl.1.1.dylib in Frameworks */ = {isa = PBXBuildFile; fileRef = 2DFB58DE2BF24D7600D488F4 /* libssl.1.1.dylib */; };
		2DFB58E12BF24D7600D488F4 /* libssl.1.1.dylib in Embed Libraries */ = {isa = PBXBuildFile; fileRef = 2DFB58DE2BF24D7600D488F4 /* libssl.1.1.dylib */; settings = {ATTRIBUTES = (CodeSignOnCopy, ); }; };
		2DFB58E22BF24D7600D488F4 /* libcrypto.1.1.dylib in Frameworks */ = {isa = PBXBuildFile; fileRef = 2DFB58DF2BF24D7600D488F4 /* libcrypto.1.1.dylib */; };
		2DFB58E32BF24D7600D488F4 /* libcrypto.1.1.dylib in Embed Libraries */ = {isa = PBXBuildFile; fileRef = 2DFB58DF2BF24D7600D488F4 /* libcrypto.1.1.dylib */; settings = {ATTRIBUTES = (CodeSignOnCopy, ); }; };
		2DFB58E52BF5997B00D488F4 /* PlayingDetailView.swift in Sources */ = {isa = PBXBuildFile; fileRef = 2DFB58E42BF5997B00D488F4 /* PlayingDetailView.swift */; };
/* End PBXBuildFile section */

/* Begin PBXCopyFilesBuildPhase section */
		2D3A45922BE3C3A6006CD909 /* Embed Libraries */ = {
			isa = PBXCopyFilesBuildPhase;
			buildActionMask = 2147483647;
			dstPath = "";
			dstSubfolderSpec = 10;
			files = (
				2DFB58DD2BF1B90000D488F4 /* QtNetwork.framework in Embed Libraries */,
				2DFB58E12BF24D7600D488F4 /* libssl.1.1.dylib in Embed Libraries */,
				2DFB58DA2BF1B8EC00D488F4 /* QtCore.framework in Embed Libraries */,
				2DFB58E32BF24D7600D488F4 /* libcrypto.1.1.dylib in Embed Libraries */,
				2D3A45912BE3C3A6006CD909 /* QCloudMusicApi.dylib in Embed Libraries */,
			);
			name = "Embed Libraries";
			runOnlyForDeploymentPostprocessing = 0;
		};
		2D3A45992BE3C546006CD909 /* CopyFiles */ = {
			isa = PBXCopyFilesBuildPhase;
			buildActionMask = 2147483647;
			dstPath = tls;
			dstSubfolderSpec = 6;
			files = (
				2D3A45A02BE3C591006CD909 /* libqcertonlybackend.dylib in CopyFiles */,
				2D3A45A12BE3C591006CD909 /* libqsecuretransportbackend.dylib in CopyFiles */,
				2D3A45A22BE3C591006CD909 /* libqopensslbackend.dylib in CopyFiles */,
			);
			runOnlyForDeploymentPostprocessing = 0;
		};
/* End PBXCopyFilesBuildPhase section */

/* Begin PBXFileReference section */
		2D2800902BCE1F20007A55D5 /* MusicBox.app */ = {isa = PBXFileReference; explicitFileType = wrapper.application; includeInIndex = 0; path = MusicBox.app; sourceTree = BUILT_PRODUCTS_DIR; };
		2D2800932BCE1F20007A55D5 /* MusicBoxApp.swift */ = {isa = PBXFileReference; lastKnownFileType = sourcecode.swift; path = MusicBoxApp.swift; sourceTree = "<group>"; };
		2D2800952BCE1F20007A55D5 /* ContentView.swift */ = {isa = PBXFileReference; lastKnownFileType = sourcecode.swift; path = ContentView.swift; sourceTree = "<group>"; };
		2D2800972BCE1F21007A55D5 /* Assets.xcassets */ = {isa = PBXFileReference; lastKnownFileType = folder.assetcatalog; path = Assets.xcassets; sourceTree = "<group>"; };
		2D28009A2BCE1F21007A55D5 /* Preview Assets.xcassets */ = {isa = PBXFileReference; lastKnownFileType = folder.assetcatalog; path = "Preview Assets.xcassets"; sourceTree = "<group>"; };
		2D28009C2BCE1F21007A55D5 /* MusicBox.entitlements */ = {isa = PBXFileReference; lastKnownFileType = text.plist.entitlements; path = MusicBox.entitlements; sourceTree = "<group>"; };
		2D2800A22BCF6998007A55D5 /* PlayerControlView.swift */ = {isa = PBXFileReference; lastKnownFileType = sourcecode.swift; path = PlayerControlView.swift; sourceTree = "<group>"; };
		2D2800D82BD21FE9007A55D5 /* NowPlayingCenter.swift */ = {isa = PBXFileReference; fileEncoding = 4; lastKnownFileType = sourcecode.swift; path = NowPlayingCenter.swift; sourceTree = "<group>"; };
		2D2800D92BD21FE9007A55D5 /* PlaylistItem.swift */ = {isa = PBXFileReference; fileEncoding = 4; lastKnownFileType = sourcecode.swift; path = PlaylistItem.swift; sourceTree = "<group>"; };
		2D2800DA2BD21FE9007A55D5 /* RemoteCommandCenter.swift */ = {isa = PBXFileReference; fileEncoding = 4; lastKnownFileType = sourcecode.swift; path = RemoteCommandCenter.swift; sourceTree = "<group>"; };
		2D3A45812BE3A90E006CD909 /* MusicBox-Bridging-Header.h */ = {isa = PBXFileReference; lastKnownFileType = sourcecode.c.h; path = "MusicBox-Bridging-Header.h"; sourceTree = "<group>"; };
		2D3A45832BE3A90F006CD909 /* QCloudMusicApi.h */ = {isa = PBXFileReference; lastKnownFileType = sourcecode.c.h; path = QCloudMusicApi.h; sourceTree = "<group>"; };
		2D3A45852BE3A9E1006CD909 /* QCloudMusicApi.dylib */ = {isa = PBXFileReference; lastKnownFileType = "compiled.mach-o.dylib"; name = QCloudMusicApi.dylib; path = ../QCloudMusicApi/build/bin/QCloudMusicApi.dylib; sourceTree = "<group>"; };
		2D3A459D2BE3C591006CD909 /* libqcertonlybackend.dylib */ = {isa = PBXFileReference; lastKnownFileType = "compiled.mach-o.bundle"; name = libqcertonlybackend.dylib; path = ../Qt/6.7.0/macos/plugins/tls/libqcertonlybackend.dylib; sourceTree = "<group>"; };
		2D3A459E2BE3C591006CD909 /* libqsecuretransportbackend.dylib */ = {isa = PBXFileReference; lastKnownFileType = "compiled.mach-o.bundle"; name = libqsecuretransportbackend.dylib; path = ../Qt/6.7.0/macos/plugins/tls/libqsecuretransportbackend.dylib; sourceTree = "<group>"; };
		2D3A459F2BE3C591006CD909 /* libqopensslbackend.dylib */ = {isa = PBXFileReference; lastKnownFileType = "compiled.mach-o.bundle"; name = libqopensslbackend.dylib; path = ../Qt/6.7.0/macos/plugins/tls/libqopensslbackend.dylib; sourceTree = "<group>"; };
		2D3A45A52BE86F75006CD909 /* Player.swift */ = {isa = PBXFileReference; fileEncoding = 4; lastKnownFileType = sourcecode.swift; path = Player.swift; sourceTree = "<group>"; };
		2D3A45A72BE916C8006CD909 /* NowPlaying.swift */ = {isa = PBXFileReference; lastKnownFileType = sourcecode.swift; path = NowPlaying.swift; sourceTree = "<group>"; };
		2DC73A7D2BFA38BF0015EB06 /* Utils.swift */ = {isa = PBXFileReference; lastKnownFileType = sourcecode.swift; path = Utils.swift; sourceTree = "<group>"; };
		2DC8FDAD2BF7C58900D21F6A /* CachingPlayerItem.swift */ = {isa = PBXFileReference; fileEncoding = 4; lastKnownFileType = sourcecode.swift; path = CachingPlayerItem.swift; sourceTree = "<group>"; };
		2DC8FDAE2BF7C58900D21F6A /* CachingPlayerItemConfiguration.swift */ = {isa = PBXFileReference; fileEncoding = 4; lastKnownFileType = sourcecode.swift; path = CachingPlayerItemConfiguration.swift; sourceTree = "<group>"; };
		2DC8FDAF2BF7C58900D21F6A /* MediaFileHandle.swift */ = {isa = PBXFileReference; fileEncoding = 4; lastKnownFileType = sourcecode.swift; path = MediaFileHandle.swift; sourceTree = "<group>"; };
		2DC8FDB02BF7C58900D21F6A /* ResourceLoaderDelegate.swift */ = {isa = PBXFileReference; fileEncoding = 4; lastKnownFileType = sourcecode.swift; path = ResourceLoaderDelegate.swift; sourceTree = "<group>"; };
		2DC8FDB12BF7C58900D21F6A /* URLExtension.swift */ = {isa = PBXFileReference; fileEncoding = 4; lastKnownFileType = sourcecode.swift; path = URLExtension.swift; sourceTree = "<group>"; };
		2DC8FDB82BF8A8A400D21F6A /* Explore.swift */ = {isa = PBXFileReference; lastKnownFileType = sourcecode.swift; path = Explore.swift; sourceTree = "<group>"; };
		2DED51CA2BD2823E00F9D181 /* PlayList.swift */ = {isa = PBXFileReference; lastKnownFileType = sourcecode.swift; path = PlayList.swift; sourceTree = "<group>"; };
		2DED51CC2BD2AD7A00F9D181 /* Debug.swift */ = {isa = PBXFileReference; lastKnownFileType = sourcecode.swift; path = Debug.swift; sourceTree = "<group>"; };
		2DED51CE2BD3806D00F9D181 /* CloudMusicApi.swift */ = {isa = PBXFileReference; lastKnownFileType = sourcecode.swift; path = CloudMusicApi.swift; sourceTree = "<group>"; };
		2DED51ED2BD3F62100F9D181 /* Extensions.swift */ = {isa = PBXFileReference; lastKnownFileType = sourcecode.swift; path = Extensions.swift; sourceTree = "<group>"; };
		2DFB58D62BF0744100D488F4 /* Account.swift */ = {isa = PBXFileReference; fileEncoding = 4; lastKnownFileType = sourcecode.swift; path = Account.swift; sourceTree = "<group>"; };
		2DFB58D82BF1B8EC00D488F4 /* QtCore.framework */ = {isa = PBXFileReference; lastKnownFileType = wrapper.framework; name = QtCore.framework; path = ../Qt/6.7.0/macos/lib/QtCore.framework; sourceTree = "<group>"; };
		2DFB58DB2BF1B90000D488F4 /* QtNetwork.framework */ = {isa = PBXFileReference; lastKnownFileType = wrapper.framework; name = QtNetwork.framework; path = ../Qt/6.7.0/macos/lib/QtNetwork.framework; sourceTree = "<group>"; };
		2DFB58DE2BF24D7600D488F4 /* libssl.1.1.dylib */ = {isa = PBXFileReference; lastKnownFileType = "compiled.mach-o.dylib"; name = libssl.1.1.dylib; path = ../QCloudMusicApi/build/bin/libssl.1.1.dylib; sourceTree = "<group>"; };
		2DFB58DF2BF24D7600D488F4 /* libcrypto.1.1.dylib */ = {isa = PBXFileReference; lastKnownFileType = "compiled.mach-o.dylib"; name = libcrypto.1.1.dylib; path = ../QCloudMusicApi/build/bin/libcrypto.1.1.dylib; sourceTree = "<group>"; };
		2DFB58E42BF5997B00D488F4 /* PlayingDetailView.swift */ = {isa = PBXFileReference; lastKnownFileType = sourcecode.swift; path = PlayingDetailView.swift; sourceTree = "<group>"; };
/* End PBXFileReference section */

/* Begin PBXFrameworksBuildPhase section */
		2D28008D2BCE1F20007A55D5 /* Frameworks */ = {
			isa = PBXFrameworksBuildPhase;
			buildActionMask = 2147483647;
			files = (
				2DFB58DC2BF1B90000D488F4 /* QtNetwork.framework in Frameworks */,
				2DFB58E02BF24D7600D488F4 /* libssl.1.1.dylib in Frameworks */,
				2DFB58D92BF1B8EC00D488F4 /* QtCore.framework in Frameworks */,
				2DFB58E22BF24D7600D488F4 /* libcrypto.1.1.dylib in Frameworks */,
				2D3A45902BE3C3A6006CD909 /* QCloudMusicApi.dylib in Frameworks */,
			);
			runOnlyForDeploymentPostprocessing = 0;
		};
/* End PBXFrameworksBuildPhase section */

/* Begin PBXGroup section */
		2D2800872BCE1F20007A55D5 = {
			isa = PBXGroup;
			children = (
				2D3A459D2BE3C591006CD909 /* libqcertonlybackend.dylib */,
				2D3A459F2BE3C591006CD909 /* libqopensslbackend.dylib */,
				2D3A459E2BE3C591006CD909 /* libqsecuretransportbackend.dylib */,
				2D2800922BCE1F20007A55D5 /* MusicBox */,
				2D2800912BCE1F20007A55D5 /* Products */,
				2D2800A42BCFD231007A55D5 /* Frameworks */,
			);
			sourceTree = "<group>";
		};
		2D2800912BCE1F20007A55D5 /* Products */ = {
			isa = PBXGroup;
			children = (
				2D2800902BCE1F20007A55D5 /* MusicBox.app */,
			);
			name = Products;
			sourceTree = "<group>";
		};
		2D2800922BCE1F20007A55D5 /* MusicBox */ = {
			isa = PBXGroup;
			children = (
				2D2800972BCE1F21007A55D5 /* Assets.xcassets */,
				2DC73A812BFA3D840015EB06 /* Api */,
				2D2800DB2BD21FE9007A55D5 /* General */,
				2D28009C2BCE1F21007A55D5 /* MusicBox.entitlements */,
				2DED51C72BD2815800F9D181 /* Content */,
				2D2800952BCE1F20007A55D5 /* ContentView.swift */,
				2DC73A802BFA3D0C0015EB06 /* Player */,
				2DC73A7F2BFA3CE70015EB06 /* Component */,
				2D2800932BCE1F20007A55D5 /* MusicBoxApp.swift */,
				2DC8FDB22BF7C58900D21F6A /* CachingPlayerItem */,
				2D2800992BCE1F21007A55D5 /* Preview Content */,
			);
			path = MusicBox;
			sourceTree = "<group>";
		};
		2D2800992BCE1F21007A55D5 /* Preview Content */ = {
			isa = PBXGroup;
			children = (
				2D28009A2BCE1F21007A55D5 /* Preview Assets.xcassets */,
			);
			path = "Preview Content";
			sourceTree = "<group>";
		};
		2D2800A42BCFD231007A55D5 /* Frameworks */ = {
			isa = PBXGroup;
			children = (
				2DFB58DF2BF24D7600D488F4 /* libcrypto.1.1.dylib */,
				2DFB58DE2BF24D7600D488F4 /* libssl.1.1.dylib */,
				2DFB58DB2BF1B90000D488F4 /* QtNetwork.framework */,
				2DFB58D82BF1B8EC00D488F4 /* QtCore.framework */,
				2D3A45852BE3A9E1006CD909 /* QCloudMusicApi.dylib */,
			);
			name = Frameworks;
			sourceTree = "<group>";
		};
		2D2800DB2BD21FE9007A55D5 /* General */ = {
			isa = PBXGroup;
			children = (
				2DED51ED2BD3F62100F9D181 /* Extensions.swift */,
			);
			path = General;
			sourceTree = "<group>";
		};
		2DC73A7F2BFA3CE70015EB06 /* Component */ = {
			isa = PBXGroup;
			children = (
				2D2800A22BCF6998007A55D5 /* PlayerControlView.swift */,
				2DC73A7D2BFA38BF0015EB06 /* Utils.swift */,
				2DFB58E42BF5997B00D488F4 /* PlayingDetailView.swift */,
			);
			path = Component;
			sourceTree = "<group>";
		};
		2DC73A802BFA3D0C0015EB06 /* Player */ = {
			isa = PBXGroup;
			children = (
				2D2800D82BD21FE9007A55D5 /* NowPlayingCenter.swift */,
				2D2800DA2BD21FE9007A55D5 /* RemoteCommandCenter.swift */,
				2D2800D92BD21FE9007A55D5 /* PlaylistItem.swift */,
				2D3A45A52BE86F75006CD909 /* Player.swift */,
			);
			path = Player;
			sourceTree = "<group>";
		};
		2DC73A812BFA3D840015EB06 /* Api */ = {
			isa = PBXGroup;
			children = (
				2D3A45812BE3A90E006CD909 /* MusicBox-Bridging-Header.h */,
				2DED51CE2BD3806D00F9D181 /* CloudMusicApi.swift */,
				2D3A45832BE3A90F006CD909 /* QCloudMusicApi.h */,
			);
			path = Api;
			sourceTree = "<group>";
		};
		2DC8FDB22BF7C58900D21F6A /* CachingPlayerItem */ = {
			isa = PBXGroup;
			children = (
				2DC8FDAD2BF7C58900D21F6A /* CachingPlayerItem.swift */,
				2DC8FDAE2BF7C58900D21F6A /* CachingPlayerItemConfiguration.swift */,
				2DC8FDAF2BF7C58900D21F6A /* MediaFileHandle.swift */,
				2DC8FDB02BF7C58900D21F6A /* ResourceLoaderDelegate.swift */,
				2DC8FDB12BF7C58900D21F6A /* URLExtension.swift */,
			);
			path = CachingPlayerItem;
			sourceTree = "<group>";
		};
		2DED51C72BD2815800F9D181 /* Content */ = {
			isa = PBXGroup;
			children = (
				2DFB58D62BF0744100D488F4 /* Account.swift */,
				2D3A45A72BE916C8006CD909 /* NowPlaying.swift */,
				2DED51CA2BD2823E00F9D181 /* PlayList.swift */,
				2DC8FDB82BF8A8A400D21F6A /* Explore.swift */,
				2DED51CC2BD2AD7A00F9D181 /* Debug.swift */,
			);
			path = Content;
			sourceTree = "<group>";
		};
/* End PBXGroup section */

/* Begin PBXNativeTarget section */
		2D28008F2BCE1F20007A55D5 /* MusicBox */ = {
			isa = PBXNativeTarget;
			buildConfigurationList = 2D28009F2BCE1F21007A55D5 /* Build configuration list for PBXNativeTarget "MusicBox" */;
			buildPhases = (
				2D28008C2BCE1F20007A55D5 /* Sources */,
				2D28008D2BCE1F20007A55D5 /* Frameworks */,
				2D28008E2BCE1F20007A55D5 /* Resources */,
				2D3A45922BE3C3A6006CD909 /* Embed Libraries */,
				2D3A45992BE3C546006CD909 /* CopyFiles */,
			);
			buildRules = (
			);
			dependencies = (
			);
			name = MusicBox;
			packageProductDependencies = (
			);
			productName = MusicBox;
			productReference = 2D2800902BCE1F20007A55D5 /* MusicBox.app */;
			productType = "com.apple.product-type.application";
		};
/* End PBXNativeTarget section */

/* Begin PBXProject section */
		2D2800882BCE1F20007A55D5 /* Project object */ = {
			isa = PBXProject;
			attributes = {
				BuildIndependentTargetsInParallel = 1;
				LastSwiftUpdateCheck = 1530;
				LastUpgradeCheck = 1540;
				TargetAttributes = {
					2D28008F2BCE1F20007A55D5 = {
						CreatedOnToolsVersion = 15.3;
						LastSwiftMigration = 1530;
					};
				};
			};
			buildConfigurationList = 2D28008B2BCE1F20007A55D5 /* Build configuration list for PBXProject "MusicBox" */;
			compatibilityVersion = "Xcode 14.0";
			developmentRegion = en;
			hasScannedForEncodings = 0;
			knownRegions = (
				en,
				Base,
			);
			mainGroup = 2D2800872BCE1F20007A55D5;
			packageReferences = (
			);
			productRefGroup = 2D2800912BCE1F20007A55D5 /* Products */;
			projectDirPath = "";
			projectRoot = "";
			targets = (
				2D28008F2BCE1F20007A55D5 /* MusicBox */,
			);
		};
/* End PBXProject section */

/* Begin PBXResourcesBuildPhase section */
		2D28008E2BCE1F20007A55D5 /* Resources */ = {
			isa = PBXResourcesBuildPhase;
			buildActionMask = 2147483647;
			files = (
				2D28009B2BCE1F21007A55D5 /* Preview Assets.xcassets in Resources */,
				2D2800982BCE1F21007A55D5 /* Assets.xcassets in Resources */,
			);
			runOnlyForDeploymentPostprocessing = 0;
		};
/* End PBXResourcesBuildPhase section */

/* Begin PBXSourcesBuildPhase section */
		2D28008C2BCE1F20007A55D5 /* Sources */ = {
			isa = PBXSourcesBuildPhase;
			buildActionMask = 2147483647;
			files = (
				2DC73A7E2BFA38BF0015EB06 /* Utils.swift in Sources */,
				2DED51CF2BD3806D00F9D181 /* CloudMusicApi.swift in Sources */,
				2DC8FDB62BF7C58900D21F6A /* ResourceLoaderDelegate.swift in Sources */,
				2D2800DC2BD21FE9007A55D5 /* NowPlayingCenter.swift in Sources */,
				2D3A45A82BE916C8006CD909 /* NowPlaying.swift in Sources */,
				2D3A45842BE3A90F006CD909 /* QCloudMusicApi.h in Sources */,
				2DED51CD2BD2AD7A00F9D181 /* Debug.swift in Sources */,
				2DC8FDB42BF7C58900D21F6A /* CachingPlayerItemConfiguration.swift in Sources */,
				2D2800962BCE1F20007A55D5 /* ContentView.swift in Sources */,
				2D3A45A62BE86F75006CD909 /* Player.swift in Sources */,
				2D2800DE2BD21FE9007A55D5 /* RemoteCommandCenter.swift in Sources */,
				2DFB58E52BF5997B00D488F4 /* PlayingDetailView.swift in Sources */,
				2D2800DD2BD21FE9007A55D5 /* PlaylistItem.swift in Sources */,
				2DED51CB2BD2823E00F9D181 /* PlayList.swift in Sources */,
				2DC8FDB32BF7C58900D21F6A /* CachingPlayerItem.swift in Sources */,
				2DC8FDB52BF7C58900D21F6A /* MediaFileHandle.swift in Sources */,
				2DC8FDB92BF8A8A400D21F6A /* Explore.swift in Sources */,
				2D2800942BCE1F20007A55D5 /* MusicBoxApp.swift in Sources */,
				2DED51EE2BD3F62100F9D181 /* Extensions.swift in Sources */,
				2DC8FDB72BF7C58900D21F6A /* URLExtension.swift in Sources */,
				2D2800A32BCF6998007A55D5 /* PlayerControlView.swift in Sources */,
				2DFB58D72BF0744100D488F4 /* Account.swift in Sources */,
			);
			runOnlyForDeploymentPostprocessing = 0;
		};
/* End PBXSourcesBuildPhase section */

/* Begin XCBuildConfiguration section */
		2D28009D2BCE1F21007A55D5 /* Debug */ = {
			isa = XCBuildConfiguration;
			buildSettings = {
				ALWAYS_SEARCH_USER_PATHS = NO;
				ASSETCATALOG_COMPILER_GENERATE_SWIFT_ASSET_SYMBOL_EXTENSIONS = YES;
				CLANG_ANALYZER_NONNULL = YES;
				CLANG_ANALYZER_NUMBER_OBJECT_CONVERSION = YES_AGGRESSIVE;
				CLANG_CXX_LANGUAGE_STANDARD = "gnu++20";
				CLANG_ENABLE_MODULES = YES;
				CLANG_ENABLE_OBJC_ARC = YES;
				CLANG_ENABLE_OBJC_WEAK = YES;
				CLANG_WARN_BLOCK_CAPTURE_AUTORELEASING = YES;
				CLANG_WARN_BOOL_CONVERSION = YES;
				CLANG_WARN_COMMA = YES;
				CLANG_WARN_CONSTANT_CONVERSION = YES;
				CLANG_WARN_DEPRECATED_OBJC_IMPLEMENTATIONS = YES;
				CLANG_WARN_DIRECT_OBJC_ISA_USAGE = YES_ERROR;
				CLANG_WARN_DOCUMENTATION_COMMENTS = YES;
				CLANG_WARN_EMPTY_BODY = YES;
				CLANG_WARN_ENUM_CONVERSION = YES;
				CLANG_WARN_INFINITE_RECURSION = YES;
				CLANG_WARN_INT_CONVERSION = YES;
				CLANG_WARN_NON_LITERAL_NULL_CONVERSION = YES;
				CLANG_WARN_OBJC_IMPLICIT_RETAIN_SELF = YES;
				CLANG_WARN_OBJC_LITERAL_CONVERSION = YES;
				CLANG_WARN_OBJC_ROOT_CLASS = YES_ERROR;
				CLANG_WARN_QUOTED_INCLUDE_IN_FRAMEWORK_HEADER = YES;
				CLANG_WARN_RANGE_LOOP_ANALYSIS = YES;
				CLANG_WARN_STRICT_PROTOTYPES = YES;
				CLANG_WARN_SUSPICIOUS_MOVE = YES;
				CLANG_WARN_UNGUARDED_AVAILABILITY = YES_AGGRESSIVE;
				CLANG_WARN_UNREACHABLE_CODE = YES;
				CLANG_WARN__DUPLICATE_METHOD_MATCH = YES;
				COPY_PHASE_STRIP = NO;
				DEAD_CODE_STRIPPING = YES;
				DEBUG_INFORMATION_FORMAT = dwarf;
				ENABLE_STRICT_OBJC_MSGSEND = YES;
				ENABLE_TESTABILITY = YES;
				ENABLE_USER_SCRIPT_SANDBOXING = YES;
				GCC_C_LANGUAGE_STANDARD = gnu17;
				GCC_DYNAMIC_NO_PIC = NO;
				GCC_NO_COMMON_BLOCKS = YES;
				GCC_OPTIMIZATION_LEVEL = 0;
				GCC_PREPROCESSOR_DEFINITIONS = (
					"DEBUG=1",
					"$(inherited)",
				);
				GCC_WARN_64_TO_32_BIT_CONVERSION = YES;
				GCC_WARN_ABOUT_RETURN_TYPE = YES_ERROR;
				GCC_WARN_UNDECLARED_SELECTOR = YES;
				GCC_WARN_UNINITIALIZED_AUTOS = YES_AGGRESSIVE;
				GCC_WARN_UNUSED_FUNCTION = YES;
				GCC_WARN_UNUSED_VARIABLE = YES;
				LOCALIZATION_PREFERS_STRING_CATALOGS = YES;
				MACOSX_DEPLOYMENT_TARGET = 14.4;
				MTL_ENABLE_DEBUG_INFO = INCLUDE_SOURCE;
				MTL_FAST_MATH = YES;
				ONLY_ACTIVE_ARCH = YES;
				SDKROOT = macosx;
				SWIFT_ACTIVE_COMPILATION_CONDITIONS = "DEBUG $(inherited)";
				SWIFT_OPTIMIZATION_LEVEL = "-Onone";
			};
			name = Debug;
		};
		2D28009E2BCE1F21007A55D5 /* Release */ = {
			isa = XCBuildConfiguration;
			buildSettings = {
				ALWAYS_SEARCH_USER_PATHS = NO;
				ASSETCATALOG_COMPILER_GENERATE_SWIFT_ASSET_SYMBOL_EXTENSIONS = YES;
				CLANG_ANALYZER_NONNULL = YES;
				CLANG_ANALYZER_NUMBER_OBJECT_CONVERSION = YES_AGGRESSIVE;
				CLANG_CXX_LANGUAGE_STANDARD = "gnu++20";
				CLANG_ENABLE_MODULES = YES;
				CLANG_ENABLE_OBJC_ARC = YES;
				CLANG_ENABLE_OBJC_WEAK = YES;
				CLANG_WARN_BLOCK_CAPTURE_AUTORELEASING = YES;
				CLANG_WARN_BOOL_CONVERSION = YES;
				CLANG_WARN_COMMA = YES;
				CLANG_WARN_CONSTANT_CONVERSION = YES;
				CLANG_WARN_DEPRECATED_OBJC_IMPLEMENTATIONS = YES;
				CLANG_WARN_DIRECT_OBJC_ISA_USAGE = YES_ERROR;
				CLANG_WARN_DOCUMENTATION_COMMENTS = YES;
				CLANG_WARN_EMPTY_BODY = YES;
				CLANG_WARN_ENUM_CONVERSION = YES;
				CLANG_WARN_INFINITE_RECURSION = YES;
				CLANG_WARN_INT_CONVERSION = YES;
				CLANG_WARN_NON_LITERAL_NULL_CONVERSION = YES;
				CLANG_WARN_OBJC_IMPLICIT_RETAIN_SELF = YES;
				CLANG_WARN_OBJC_LITERAL_CONVERSION = YES;
				CLANG_WARN_OBJC_ROOT_CLASS = YES_ERROR;
				CLANG_WARN_QUOTED_INCLUDE_IN_FRAMEWORK_HEADER = YES;
				CLANG_WARN_RANGE_LOOP_ANALYSIS = YES;
				CLANG_WARN_STRICT_PROTOTYPES = YES;
				CLANG_WARN_SUSPICIOUS_MOVE = YES;
				CLANG_WARN_UNGUARDED_AVAILABILITY = YES_AGGRESSIVE;
				CLANG_WARN_UNREACHABLE_CODE = YES;
				CLANG_WARN__DUPLICATE_METHOD_MATCH = YES;
				COPY_PHASE_STRIP = NO;
				DEAD_CODE_STRIPPING = YES;
				DEBUG_INFORMATION_FORMAT = "dwarf-with-dsym";
				ENABLE_NS_ASSERTIONS = NO;
				ENABLE_STRICT_OBJC_MSGSEND = YES;
				ENABLE_USER_SCRIPT_SANDBOXING = YES;
				GCC_C_LANGUAGE_STANDARD = gnu17;
				GCC_NO_COMMON_BLOCKS = YES;
				GCC_WARN_64_TO_32_BIT_CONVERSION = YES;
				GCC_WARN_ABOUT_RETURN_TYPE = YES_ERROR;
				GCC_WARN_UNDECLARED_SELECTOR = YES;
				GCC_WARN_UNINITIALIZED_AUTOS = YES_AGGRESSIVE;
				GCC_WARN_UNUSED_FUNCTION = YES;
				GCC_WARN_UNUSED_VARIABLE = YES;
				LOCALIZATION_PREFERS_STRING_CATALOGS = YES;
				MACOSX_DEPLOYMENT_TARGET = 14.4;
				MTL_ENABLE_DEBUG_INFO = NO;
				MTL_FAST_MATH = YES;
				SDKROOT = macosx;
				SWIFT_COMPILATION_MODE = wholemodule;
			};
			name = Release;
		};
		2D2800A02BCE1F21007A55D5 /* Debug */ = {
			isa = XCBuildConfiguration;
			buildSettings = {
				ASSETCATALOG_COMPILER_APPICON_NAME = AppIcon;
				ASSETCATALOG_COMPILER_GLOBAL_ACCENT_COLOR_NAME = AccentColor;
				CLANG_ENABLE_MODULES = YES;
				CODE_SIGN_ENTITLEMENTS = MusicBox/MusicBox.entitlements;
				"CODE_SIGN_IDENTITY[sdk=macosx*]" = "Apple Development";
				CODE_SIGN_STYLE = Automatic;
				COMBINE_HIDPI_IMAGES = YES;
				CURRENT_PROJECT_VERSION = 1;
				DEAD_CODE_STRIPPING = YES;
				DEVELOPMENT_ASSET_PATHS = "\"MusicBox/Preview Content\"";
				DEVELOPMENT_TEAM = WL4FUY6R56;
				ENABLE_HARDENED_RUNTIME = YES;
				ENABLE_PREVIEWS = YES;
				FRAMEWORK_SEARCH_PATHS = (
					"$(inherited)",
					"$(SRCROOT)/../Qt/6.7.0/macos/lib",
				);
				GENERATE_INFOPLIST_FILE = YES;
				INFOPLIST_KEY_LSApplicationCategoryType = "public.app-category.music";
				INFOPLIST_KEY_NSHumanReadableCopyright = "";
				LD_RUNPATH_SEARCH_PATHS = (
					"$(inherited)",
					"@executable_path/../Frameworks",
				);
				LIBRARY_SEARCH_PATHS = (
					"$(inherited)",
					"$(SRCROOT)/../QCloudMusicApi/build/bin",
				);
				MACOSX_DEPLOYMENT_TARGET = 14.0;
				MARKETING_VERSION = 1.0;
				OTHER_LDFLAGS = "";
				PRODUCT_BUNDLE_IDENTIFIER = me.elsanna.MusicBox;
				PRODUCT_NAME = "$(TARGET_NAME)";
				SWIFT_EMIT_LOC_STRINGS = YES;
				SWIFT_OBJC_BRIDGING_HEADER = "MusicBox/Api/MusicBox-Bridging-Header.h";
				SWIFT_OPTIMIZATION_LEVEL = "-Onone";
				SWIFT_VERSION = 5.0;
			};
			name = Debug;
		};
		2D2800A12BCE1F21007A55D5 /* Release */ = {
			isa = XCBuildConfiguration;
			buildSettings = {
				ASSETCATALOG_COMPILER_APPICON_NAME = AppIcon;
				ASSETCATALOG_COMPILER_GLOBAL_ACCENT_COLOR_NAME = AccentColor;
				CLANG_ENABLE_MODULES = YES;
				CODE_SIGN_ENTITLEMENTS = MusicBox/MusicBox.entitlements;
				"CODE_SIGN_IDENTITY[sdk=macosx*]" = "Apple Development";
				CODE_SIGN_STYLE = Automatic;
				COMBINE_HIDPI_IMAGES = YES;
				CURRENT_PROJECT_VERSION = 1;
				DEAD_CODE_STRIPPING = YES;
				DEVELOPMENT_ASSET_PATHS = "\"MusicBox/Preview Content\"";
				DEVELOPMENT_TEAM = WL4FUY6R56;
				ENABLE_HARDENED_RUNTIME = YES;
				ENABLE_PREVIEWS = YES;
				FRAMEWORK_SEARCH_PATHS = (
					"$(inherited)",
					"$(SRCROOT)/../Qt/6.7.0/macos/lib",
				);
				GENERATE_INFOPLIST_FILE = YES;
				INFOPLIST_KEY_LSApplicationCategoryType = "public.app-category.music";
				INFOPLIST_KEY_NSHumanReadableCopyright = "";
				LD_RUNPATH_SEARCH_PATHS = (
					"$(inherited)",
					"@executable_path/../Frameworks",
				);
				LIBRARY_SEARCH_PATHS = (
					"$(inherited)",
					"$(SRCROOT)/../QCloudMusicApi/build/bin",
				);
				MACOSX_DEPLOYMENT_TARGET = 14.0;
				MARKETING_VERSION = 1.0;
				OTHER_LDFLAGS = "";
				PRODUCT_BUNDLE_IDENTIFIER = me.elsanna.MusicBox;
				PRODUCT_NAME = "$(TARGET_NAME)";
				SWIFT_EMIT_LOC_STRINGS = YES;
				SWIFT_OBJC_BRIDGING_HEADER = "MusicBox/Api/MusicBox-Bridging-Header.h";
				SWIFT_VERSION = 5.0;
			};
			name = Release;
		};
/* End XCBuildConfiguration section */

/* Begin XCConfigurationList section */
		2D28008B2BCE1F20007A55D5 /* Build configuration list for PBXProject "MusicBox" */ = {
			isa = XCConfigurationList;
			buildConfigurations = (
				2D28009D2BCE1F21007A55D5 /* Debug */,
				2D28009E2BCE1F21007A55D5 /* Release */,
			);
			defaultConfigurationIsVisible = 0;
			defaultConfigurationName = Release;
		};
		2D28009F2BCE1F21007A55D5 /* Build configuration list for PBXNativeTarget "MusicBox" */ = {
			isa = XCConfigurationList;
			buildConfigurations = (
				2D2800A02BCE1F21007A55D5 /* Debug */,
				2D2800A12BCE1F21007A55D5 /* Release */,
			);
			defaultConfigurationIsVisible = 0;
			defaultConfigurationName = Release;
		};
/* End XCConfigurationList section */
	};
	rootObject = 2D2800882BCE1F20007A55D5 /* Project object */;
}
