// !$*UTF8*$!
{
	archiveVersion = 1;
	classes = {
	};
	objectVersion = 56;
	objects = {

/* Begin PBXBuildFile section */
		2D01B1372C0A1515004E6102 /* Sparkle in Frameworks */ = {isa = PBXBuildFile; productRef = 2D01B1362C0A1515004E6102 /* Sparkle */; };
		2D2800942BCE1F20007A55D5 /* MusicBoxApp.swift in Sources */ = {isa = PBXBuildFile; fileRef = 2D2800932BCE1F20007A55D5 /* MusicBoxApp.swift */; };
		2D2800982BCE1F21007A55D5 /* Assets.xcassets in Resources */ = {isa = PBXBuildFile; fileRef = 2D2800972BCE1F21007A55D5 /* Assets.xcassets */; };
		2D28009B2BCE1F21007A55D5 /* Preview Assets.xcassets in Resources */ = {isa = PBXBuildFile; fileRef = 2D28009A2BCE1F21007A55D5 /* Preview Assets.xcassets */; };
		2D2800DD2BD21FE9007A55D5 /* PlaylistItem.swift in Sources */ = {isa = PBXBuildFile; fileRef = 2D2800D92BD21FE9007A55D5 /* PlaylistItem.swift */; };
		2DC8FDB32BF7C58900D21F6A /* CachingPlayerItem.swift in Sources */ = {isa = PBXBuildFile; fileRef = 2DC8FDAD2BF7C58900D21F6A /* CachingPlayerItem.swift */; };
		2DC8FDB42BF7C58900D21F6A /* CachingPlayerItemConfiguration.swift in Sources */ = {isa = PBXBuildFile; fileRef = 2DC8FDAE2BF7C58900D21F6A /* CachingPlayerItemConfiguration.swift */; };
		2DC8FDB52BF7C58900D21F6A /* MediaFileHandle.swift in Sources */ = {isa = PBXBuildFile; fileRef = 2DC8FDAF2BF7C58900D21F6A /* MediaFileHandle.swift */; };
		2DC8FDB62BF7C58900D21F6A /* ResourceLoaderDelegate.swift in Sources */ = {isa = PBXBuildFile; fileRef = 2DC8FDB02BF7C58900D21F6A /* ResourceLoaderDelegate.swift */; };
		2DC8FDB72BF7C58900D21F6A /* URLExtension.swift in Sources */ = {isa = PBXBuildFile; fileRef = 2DC8FDB12BF7C58900D21F6A /* URLExtension.swift */; };
		2DED51CF2BD3806D00F9D181 /* CloudMusicApi.swift in Sources */ = {isa = PBXBuildFile; fileRef = 2DED51CE2BD3806D00F9D181 /* CloudMusicApi.swift */; };
		A1B2C3D4E5F60718293A4B5D /* NeteaseHTTPClient.swift in Sources */ = {isa = PBXBuildFile; fileRef = A1B2C3D4E5F60718293A4B5C /* NeteaseHTTPClient.swift */; };
		B10A00010000000000000001 /* NeteasePlaybackClient.swift in Sources */ = {isa = PBXBuildFile; fileRef = B10A00010000000000000002 /* NeteasePlaybackClient.swift */; };
		B10A00010000000000000003 /* PlaybackReportingCoordinator.swift in Sources */ = {isa = PBXBuildFile; fileRef = B10A00010000000000000004 /* PlaybackReportingCoordinator.swift */; };
		A1B2C3D4E5F60718293A4B61 /* NeteaseHTTPClientTests.swift in Sources */ = {isa = PBXBuildFile; fileRef = A1B2C3D4E5F60718293A4B60 /* NeteaseHTTPClientTests.swift */; };
		A1B2C3D4E5F60718293A4B6D /* PlaybackQueueTests.swift in Sources */ = {isa = PBXBuildFile; fileRef = A1B2C3D4E5F60718293A4B6C /* PlaybackQueueTests.swift */; };
		A1B2C3D4E5F60718293A4B6E /* PlaybackStoreTests.swift in Sources */ = {isa = PBXBuildFile; fileRef = A1B2C3D4E5F60718293A4B6F /* PlaybackStoreTests.swift */; };
		A1B2C3D4E5F60718293A4B70 /* FeatureModelsTests.swift in Sources */ = {isa = PBXBuildFile; fileRef = A1B2C3D4E5F60718293A4B71 /* FeatureModelsTests.swift */; };
		A1B2C3D4E5F60718293A4B72 /* AppSettingsTests.swift in Sources */ = {isa = PBXBuildFile; fileRef = A1B2C3D4E5F60718293A4B73 /* AppSettingsTests.swift */; };
		A20000000000000000000001 /* AppShellView.swift in Sources */ = {isa = PBXBuildFile; fileRef = A10000000000000000000001 /* AppShellView.swift */; };
		A20000000000000000000002 /* AppModel.swift in Sources */ = {isa = PBXBuildFile; fileRef = A10000000000000000000002 /* AppModel.swift */; };
		A20000000000000000000003 /* AppSettings.swift in Sources */ = {isa = PBXBuildFile; fileRef = A10000000000000000000003 /* AppSettings.swift */; };
		A20000000000000000000016 /* ExploreFeatureModel.swift in Sources */ = {isa = PBXBuildFile; fileRef = A10000000000000000000016 /* ExploreFeatureModel.swift */; };
		A20000000000000000000017 /* PlaylistFeatureModel.swift in Sources */ = {isa = PBXBuildFile; fileRef = A10000000000000000000017 /* PlaylistFeatureModel.swift */; };
		A20000000000000000000018 /* CloudFilesFeatureModel.swift in Sources */ = {isa = PBXBuildFile; fileRef = A10000000000000000000018 /* CloudFilesFeatureModel.swift */; };
		A20000000000000000000019 /* CommentsFeatureModel.swift in Sources */ = {isa = PBXBuildFile; fileRef = A10000000000000000000019 /* CommentsFeatureModel.swift */; };
		A20000000000000000000007 /* PlaybackQueue.swift in Sources */ = {isa = PBXBuildFile; fileRef = A10000000000000000000007 /* PlaybackQueue.swift */; };
		A20000000000000000000008 /* PlaybackStore.swift in Sources */ = {isa = PBXBuildFile; fileRef = A10000000000000000000008 /* PlaybackStore.swift */; };
		A20000000000000000000009 /* LyricsController.swift in Sources */ = {isa = PBXBuildFile; fileRef = A10000000000000000000009 /* LyricsController.swift */; };
		A2000000000000000000000A /* SystemPlaybackBridge.swift in Sources */ = {isa = PBXBuildFile; fileRef = A1000000000000000000000A /* SystemPlaybackBridge.swift */; };
		A2000000000000000000000B /* PlayerViews.swift in Sources */ = {isa = PBXBuildFile; fileRef = A1000000000000000000000B /* PlayerViews.swift */; };
		A2000000000000000000000C /* MusicRepository.swift in Sources */ = {isa = PBXBuildFile; fileRef = A1000000000000000000000C /* MusicRepository.swift */; };
		A2000000000000000000000D /* PlayerOverlayMetrics.swift in Sources */ = {isa = PBXBuildFile; fileRef = A1000000000000000000000D /* PlayerOverlayMetrics.swift */; };
		A2000000000000000000000E /* FoundationExtensions.swift in Sources */ = {isa = PBXBuildFile; fileRef = A1000000000000000000000E /* FoundationExtensions.swift */; };
		A2000000000000000000000F /* Localizable.xcstrings in Resources */ = {isa = PBXBuildFile; fileRef = A1000000000000000000000F /* Localizable.xcstrings */; };
		A20000000000000000000010 /* PlaybackPresentationModel.swift in Sources */ = {isa = PBXBuildFile; fileRef = A10000000000000000000010 /* PlaybackPresentationModel.swift */; };
		A20000000000000000000011 /* AccountFeatureScreen.swift in Sources */ = {isa = PBXBuildFile; fileRef = A10000000000000000000011 /* AccountFeatureScreen.swift */; };
		A20000000000000000000012 /* ExploreFeatureScreen.swift in Sources */ = {isa = PBXBuildFile; fileRef = A10000000000000000000012 /* ExploreFeatureScreen.swift */; };
		A20000000000000000000013 /* PlaylistFeatureScreen.swift in Sources */ = {isa = PBXBuildFile; fileRef = A10000000000000000000013 /* PlaylistFeatureScreen.swift */; };
		A20000000000000000000014 /* CloudFilesFeatureScreen.swift in Sources */ = {isa = PBXBuildFile; fileRef = A10000000000000000000014 /* CloudFilesFeatureScreen.swift */; };
		A20000000000000000000015 /* CommentsFeatureWindow.swift in Sources */ = {isa = PBXBuildFile; fileRef = A10000000000000000000015 /* CommentsFeatureWindow.swift */; };
/* End PBXBuildFile section */

/* Begin PBXFileReference section */
		2D01B1382C0A19A3004E6102 /* Info.plist */ = {isa = PBXFileReference; lastKnownFileType = text.plist; path = Info.plist; sourceTree = "<group>"; };
		2D2800902BCE1F20007A55D5 /* MusicBox.app */ = {isa = PBXFileReference; explicitFileType = wrapper.application; includeInIndex = 0; path = MusicBox.app; sourceTree = BUILT_PRODUCTS_DIR; };
		A1B2C3D4E5F60718293A4B62 /* MusicBoxTests.xctest */ = {isa = PBXFileReference; explicitFileType = wrapper.cfbundle; includeInIndex = 0; path = MusicBoxTests.xctest; sourceTree = BUILT_PRODUCTS_DIR; };
		A1B2C3D4E5F60718293A4B60 /* NeteaseHTTPClientTests.swift */ = {isa = PBXFileReference; lastKnownFileType = sourcecode.swift; path = NeteaseHTTPClientTests.swift; sourceTree = "<group>"; };
		A1B2C3D4E5F60718293A4B6C /* PlaybackQueueTests.swift */ = {isa = PBXFileReference; lastKnownFileType = sourcecode.swift; path = PlaybackQueueTests.swift; sourceTree = "<group>"; };
		A1B2C3D4E5F60718293A4B6F /* PlaybackStoreTests.swift */ = {isa = PBXFileReference; lastKnownFileType = sourcecode.swift; path = PlaybackStoreTests.swift; sourceTree = "<group>"; };
		A1B2C3D4E5F60718293A4B71 /* FeatureModelsTests.swift */ = {isa = PBXFileReference; lastKnownFileType = sourcecode.swift; path = FeatureModelsTests.swift; sourceTree = "<group>"; };
		A1B2C3D4E5F60718293A4B73 /* AppSettingsTests.swift */ = {isa = PBXFileReference; lastKnownFileType = sourcecode.swift; path = AppSettingsTests.swift; sourceTree = "<group>"; };
		2D2800932BCE1F20007A55D5 /* MusicBoxApp.swift */ = {isa = PBXFileReference; lastKnownFileType = sourcecode.swift; path = MusicBoxApp.swift; sourceTree = "<group>"; };
		2D2800972BCE1F21007A55D5 /* Assets.xcassets */ = {isa = PBXFileReference; lastKnownFileType = folder.assetcatalog; path = Assets.xcassets; sourceTree = "<group>"; };
		2D28009A2BCE1F21007A55D5 /* Preview Assets.xcassets */ = {isa = PBXFileReference; lastKnownFileType = folder.assetcatalog; path = "Preview Assets.xcassets"; sourceTree = "<group>"; };
		2D28009C2BCE1F21007A55D5 /* MusicBox.entitlements */ = {isa = PBXFileReference; lastKnownFileType = text.plist.entitlements; path = MusicBox.entitlements; sourceTree = "<group>"; };
		2D2800D92BD21FE9007A55D5 /* PlaylistItem.swift */ = {isa = PBXFileReference; fileEncoding = 4; lastKnownFileType = sourcecode.swift; path = PlaylistItem.swift; sourceTree = "<group>"; };
		2DC8FDAD2BF7C58900D21F6A /* CachingPlayerItem.swift */ = {isa = PBXFileReference; fileEncoding = 4; lastKnownFileType = sourcecode.swift; path = CachingPlayerItem.swift; sourceTree = "<group>"; };
		2DC8FDAE2BF7C58900D21F6A /* CachingPlayerItemConfiguration.swift */ = {isa = PBXFileReference; fileEncoding = 4; lastKnownFileType = sourcecode.swift; path = CachingPlayerItemConfiguration.swift; sourceTree = "<group>"; };
		2DC8FDAF2BF7C58900D21F6A /* MediaFileHandle.swift */ = {isa = PBXFileReference; fileEncoding = 4; lastKnownFileType = sourcecode.swift; path = MediaFileHandle.swift; sourceTree = "<group>"; };
		2DC8FDB02BF7C58900D21F6A /* ResourceLoaderDelegate.swift */ = {isa = PBXFileReference; fileEncoding = 4; lastKnownFileType = sourcecode.swift; path = ResourceLoaderDelegate.swift; sourceTree = "<group>"; };
		2DC8FDB12BF7C58900D21F6A /* URLExtension.swift */ = {isa = PBXFileReference; fileEncoding = 4; lastKnownFileType = sourcecode.swift; path = URLExtension.swift; sourceTree = "<group>"; };
		2DED51CE2BD3806D00F9D181 /* CloudMusicApi.swift */ = {isa = PBXFileReference; lastKnownFileType = sourcecode.swift; path = CloudMusicApi.swift; sourceTree = "<group>"; };
		A1B2C3D4E5F60718293A4B5C /* NeteaseHTTPClient.swift */ = {isa = PBXFileReference; lastKnownFileType = sourcecode.swift; path = NeteaseHTTPClient.swift; sourceTree = "<group>"; };
		B10A00010000000000000002 /* NeteasePlaybackClient.swift */ = {isa = PBXFileReference; lastKnownFileType = sourcecode.swift; path = NeteasePlaybackClient.swift; sourceTree = "<group>"; };
		B10A00010000000000000004 /* PlaybackReportingCoordinator.swift */ = {isa = PBXFileReference; lastKnownFileType = sourcecode.swift; path = PlaybackReportingCoordinator.swift; sourceTree = "<group>"; };
		A10000000000000000000001 /* AppShellView.swift */ = {isa = PBXFileReference; lastKnownFileType = sourcecode.swift; path = AppShellView.swift; sourceTree = "<group>"; };
		A10000000000000000000002 /* AppModel.swift */ = {isa = PBXFileReference; lastKnownFileType = sourcecode.swift; path = AppModel.swift; sourceTree = "<group>"; };
		A10000000000000000000003 /* AppSettings.swift */ = {isa = PBXFileReference; lastKnownFileType = sourcecode.swift; path = AppSettings.swift; sourceTree = "<group>"; };
		A10000000000000000000016 /* ExploreFeatureModel.swift */ = {isa = PBXFileReference; lastKnownFileType = sourcecode.swift; path = ExploreFeatureModel.swift; sourceTree = "<group>"; };
		A10000000000000000000017 /* PlaylistFeatureModel.swift */ = {isa = PBXFileReference; lastKnownFileType = sourcecode.swift; path = PlaylistFeatureModel.swift; sourceTree = "<group>"; };
		A10000000000000000000018 /* CloudFilesFeatureModel.swift */ = {isa = PBXFileReference; lastKnownFileType = sourcecode.swift; path = CloudFilesFeatureModel.swift; sourceTree = "<group>"; };
		A10000000000000000000019 /* CommentsFeatureModel.swift */ = {isa = PBXFileReference; lastKnownFileType = sourcecode.swift; path = CommentsFeatureModel.swift; sourceTree = "<group>"; };
		A10000000000000000000007 /* PlaybackQueue.swift */ = {isa = PBXFileReference; lastKnownFileType = sourcecode.swift; path = PlaybackQueue.swift; sourceTree = "<group>"; };
		A10000000000000000000008 /* PlaybackStore.swift */ = {isa = PBXFileReference; lastKnownFileType = sourcecode.swift; path = PlaybackStore.swift; sourceTree = "<group>"; };
		A10000000000000000000009 /* LyricsController.swift */ = {isa = PBXFileReference; lastKnownFileType = sourcecode.swift; path = LyricsController.swift; sourceTree = "<group>"; };
		A1000000000000000000000A /* SystemPlaybackBridge.swift */ = {isa = PBXFileReference; lastKnownFileType = sourcecode.swift; path = SystemPlaybackBridge.swift; sourceTree = "<group>"; };
		A1000000000000000000000B /* PlayerViews.swift */ = {isa = PBXFileReference; lastKnownFileType = sourcecode.swift; path = PlayerViews.swift; sourceTree = "<group>"; };
		A1000000000000000000000C /* MusicRepository.swift */ = {isa = PBXFileReference; lastKnownFileType = sourcecode.swift; path = MusicRepository.swift; sourceTree = "<group>"; };
		A1000000000000000000000D /* PlayerOverlayMetrics.swift */ = {isa = PBXFileReference; lastKnownFileType = sourcecode.swift; path = PlayerOverlayMetrics.swift; sourceTree = "<group>"; };
		A1000000000000000000000E /* FoundationExtensions.swift */ = {isa = PBXFileReference; lastKnownFileType = sourcecode.swift; path = FoundationExtensions.swift; sourceTree = "<group>"; };
		A1000000000000000000000F /* Localizable.xcstrings */ = {isa = PBXFileReference; lastKnownFileType = text.json.xcstrings; path = Localizable.xcstrings; sourceTree = "<group>"; };
		A10000000000000000000010 /* PlaybackPresentationModel.swift */ = {isa = PBXFileReference; lastKnownFileType = sourcecode.swift; path = PlaybackPresentationModel.swift; sourceTree = "<group>"; };
		A10000000000000000000011 /* AccountFeatureScreen.swift */ = {isa = PBXFileReference; lastKnownFileType = sourcecode.swift; path = AccountFeatureScreen.swift; sourceTree = "<group>"; };
		A10000000000000000000012 /* ExploreFeatureScreen.swift */ = {isa = PBXFileReference; lastKnownFileType = sourcecode.swift; path = ExploreFeatureScreen.swift; sourceTree = "<group>"; };
		A10000000000000000000013 /* PlaylistFeatureScreen.swift */ = {isa = PBXFileReference; lastKnownFileType = sourcecode.swift; path = PlaylistFeatureScreen.swift; sourceTree = "<group>"; };
		A10000000000000000000014 /* CloudFilesFeatureScreen.swift */ = {isa = PBXFileReference; lastKnownFileType = sourcecode.swift; path = CloudFilesFeatureScreen.swift; sourceTree = "<group>"; };
		A10000000000000000000015 /* CommentsFeatureWindow.swift */ = {isa = PBXFileReference; lastKnownFileType = sourcecode.swift; path = CommentsFeatureWindow.swift; sourceTree = "<group>"; };
/* End PBXFileReference section */

/* Begin PBXFrameworksBuildPhase section */
		A1B2C3D4E5F60718293A4B65 /* Frameworks */ = {
			isa = PBXFrameworksBuildPhase;
			buildActionMask = 2147483647;
			files = (
			);
			runOnlyForDeploymentPostprocessing = 0;
		};
		2D28008D2BCE1F20007A55D5 /* Frameworks */ = {
			isa = PBXFrameworksBuildPhase;
			buildActionMask = 2147483647;
			files = (
				2D01B1372C0A1515004E6102 /* Sparkle in Frameworks */,
			);
			runOnlyForDeploymentPostprocessing = 0;
		};
/* End PBXFrameworksBuildPhase section */

/* Begin PBXGroup section */
		A1B2C3D4E5F60718293A4B64 /* MusicBoxTests */ = {
			isa = PBXGroup;
			children = (
				A1B2C3D4E5F60718293A4B60 /* NeteaseHTTPClientTests.swift */,
				A1B2C3D4E5F60718293A4B6C /* PlaybackQueueTests.swift */,
				A1B2C3D4E5F60718293A4B6F /* PlaybackStoreTests.swift */,
				A1B2C3D4E5F60718293A4B71 /* FeatureModelsTests.swift */,
				A1B2C3D4E5F60718293A4B73 /* AppSettingsTests.swift */,
			);
			path = MusicBoxTests;
			sourceTree = "<group>";
		};
		2D2800872BCE1F20007A55D5 = {
			isa = PBXGroup;
			children = (
				2D2800922BCE1F20007A55D5 /* MusicBox */,
				A1B2C3D4E5F60718293A4B64 /* MusicBoxTests */,
				2D2800912BCE1F20007A55D5 /* Products */,
			);
			sourceTree = "<group>";
		};
		2D2800912BCE1F20007A55D5 /* Products */ = {
			isa = PBXGroup;
			children = (
				2D2800902BCE1F20007A55D5 /* MusicBox.app */,
				A1B2C3D4E5F60718293A4B62 /* MusicBoxTests.xctest */,
			);
			name = Products;
			sourceTree = "<group>";
		};
		2D2800922BCE1F20007A55D5 /* MusicBox */ = {
			isa = PBXGroup;
			children = (
				A30000000000000000000001 /* App */,
				A30000000000000000000002 /* Features */,
				A30000000000000000000003 /* Playback */,
				A30000000000000000000004 /* Services */,
				A30000000000000000000005 /* Shared */,
				2D01B1382C0A19A3004E6102 /* Info.plist */,
				2D2800972BCE1F21007A55D5 /* Assets.xcassets */,
				A1000000000000000000000F /* Localizable.xcstrings */,
				2DC73A812BFA3D840015EB06 /* Api */,
				2D28009C2BCE1F21007A55D5 /* MusicBox.entitlements */,
				2D2800932BCE1F20007A55D5 /* MusicBoxApp.swift */,
				2DC8FDB22BF7C58900D21F6A /* CachingPlayerItem */,
				2D2800992BCE1F21007A55D5 /* Preview Content */,
			);
			path = MusicBox;
			sourceTree = "<group>";
		};
		2D2800992BCE1F21007A55D5 /* Preview Content */ = {
			isa = PBXGroup;
			children = (
				2D28009A2BCE1F21007A55D5 /* Preview Assets.xcassets */,
			);
			path = "Preview Content";
			sourceTree = "<group>";
		};
		2DC73A812BFA3D840015EB06 /* Api */ = {
			isa = PBXGroup;
			children = (
				2DED51CE2BD3806D00F9D181 /* CloudMusicApi.swift */,
				A1B2C3D4E5F60718293A4B5C /* NeteaseHTTPClient.swift */,
				B10A00010000000000000002 /* NeteasePlaybackClient.swift */,
			);
			path = Api;
			sourceTree = "<group>";
		};
		2DC8FDB22BF7C58900D21F6A /* CachingPlayerItem */ = {
			isa = PBXGroup;
			children = (
				2DC8FDAD2BF7C58900D21F6A /* CachingPlayerItem.swift */,
				2DC8FDAE2BF7C58900D21F6A /* CachingPlayerItemConfiguration.swift */,
				2DC8FDAF2BF7C58900D21F6A /* MediaFileHandle.swift */,
				2DC8FDB02BF7C58900D21F6A /* ResourceLoaderDelegate.swift */,
				2DC8FDB12BF7C58900D21F6A /* URLExtension.swift */,
			);
			path = CachingPlayerItem;
			sourceTree = "<group>";
		};
		A30000000000000000000001 /* App */ = {
			isa = PBXGroup;
			children = (
				A10000000000000000000001 /* AppShellView.swift */,
				A10000000000000000000002 /* AppModel.swift */,
				A10000000000000000000003 /* AppSettings.swift */,
			);
			path = App;
			sourceTree = "<group>";
		};
		A30000000000000000000002 /* Features */ = {
			isa = PBXGroup;
			children = (
				A30000000000000000000006 /* Account */,
				A30000000000000000000007 /* Explore */,
				A30000000000000000000008 /* Playlist */,
				A30000000000000000000009 /* CloudFiles */,
				A3000000000000000000000A /* Comments */,
			);
			path = Features;
			sourceTree = "<group>";
		};
		A30000000000000000000006 /* Account */ = {
			isa = PBXGroup;
			children = (
				A10000000000000000000011 /* AccountFeatureScreen.swift */,
			);
			path = Account;
			sourceTree = "<group>";
		};
		A30000000000000000000007 /* Explore */ = {
			isa = PBXGroup;
			children = (
				A10000000000000000000016 /* ExploreFeatureModel.swift */,
				A10000000000000000000012 /* ExploreFeatureScreen.swift */,
			);
			path = Explore;
			sourceTree = "<group>";
		};
		A30000000000000000000008 /* Playlist */ = {
			isa = PBXGroup;
			children = (
				A10000000000000000000017 /* PlaylistFeatureModel.swift */,
				A10000000000000000000013 /* PlaylistFeatureScreen.swift */,
			);
			path = Playlist;
			sourceTree = "<group>";
		};
		A30000000000000000000009 /* CloudFiles */ = {
			isa = PBXGroup;
			children = (
				A10000000000000000000018 /* CloudFilesFeatureModel.swift */,
				A10000000000000000000014 /* CloudFilesFeatureScreen.swift */,
			);
			path = CloudFiles;
			sourceTree = "<group>";
		};
		A3000000000000000000000A /* Comments */ = {
			isa = PBXGroup;
			children = (
				A10000000000000000000019 /* CommentsFeatureModel.swift */,
				A10000000000000000000015 /* CommentsFeatureWindow.swift */,
			);
			path = Comments;
			sourceTree = "<group>";
		};
		A30000000000000000000003 /* Playback */ = {
			isa = PBXGroup;
			children = (
				2D2800D92BD21FE9007A55D5 /* PlaylistItem.swift */,
				A10000000000000000000007 /* PlaybackQueue.swift */,
				A10000000000000000000008 /* PlaybackStore.swift */,
				A10000000000000000000009 /* LyricsController.swift */,
				A1000000000000000000000A /* SystemPlaybackBridge.swift */,
				A3000000000000000000000B /* Presentation */,
			);
			path = Playback;
			sourceTree = "<group>";
		};
		A3000000000000000000000B /* Presentation */ = {
			isa = PBXGroup;
			children = (
				A10000000000000000000010 /* PlaybackPresentationModel.swift */,
				A1000000000000000000000B /* PlayerViews.swift */,
			);
			path = Presentation;
			sourceTree = "<group>";
		};
		A30000000000000000000004 /* Services */ = {
			isa = PBXGroup;
			children = (
				A1000000000000000000000C /* MusicRepository.swift */,
				B10A00010000000000000004 /* PlaybackReportingCoordinator.swift */,
			);
			path = Services;
			sourceTree = "<group>";
		};
		A30000000000000000000005 /* Shared */ = {
			isa = PBXGroup;
			children = (
				A1000000000000000000000D /* PlayerOverlayMetrics.swift */,
				A1000000000000000000000E /* FoundationExtensions.swift */,
			);
			path = Shared;
			sourceTree = "<group>";
		};
/* End PBXGroup section */

/* Begin PBXContainerItemProxy section */
		A1B2C3D4E5F60718293A4B67 /* PBXContainerItemProxy */ = {
			isa = PBXContainerItemProxy;
			containerPortal = 2D2800882BCE1F20007A55D5 /* Project object */;
			proxyType = 1;
			remoteGlobalIDString = 2D28008F2BCE1F20007A55D5;
			remoteInfo = MusicBox;
		};
/* End PBXContainerItemProxy section */

/* Begin PBXNativeTarget section */
		A1B2C3D4E5F60718293A4B63 /* MusicBoxTests */ = {
			isa = PBXNativeTarget;
			buildConfigurationList = A1B2C3D4E5F60718293A4B6B /* Build configuration list for PBXNativeTarget "MusicBoxTests" */;
			buildPhases = (
				A1B2C3D4E5F60718293A4B66 /* Sources */,
				A1B2C3D4E5F60718293A4B65 /* Frameworks */,
			);
			buildRules = (
			);
			dependencies = (
				A1B2C3D4E5F60718293A4B68 /* PBXTargetDependency */,
			);
			name = MusicBoxTests;
			productName = MusicBoxTests;
			productReference = A1B2C3D4E5F60718293A4B62 /* MusicBoxTests.xctest */;
			productType = "com.apple.product-type.bundle.unit-test";
		};
		2D28008F2BCE1F20007A55D5 /* MusicBox */ = {
			isa = PBXNativeTarget;
			buildConfigurationList = 2D28009F2BCE1F21007A55D5 /* Build configuration list for PBXNativeTarget "MusicBox" */;
			buildPhases = (
				2D28008C2BCE1F20007A55D5 /* Sources */,
				2D28008D2BCE1F20007A55D5 /* Frameworks */,
				2D28008E2BCE1F20007A55D5 /* Resources */,
			);
			buildRules = (
			);
			dependencies = (
			);
			name = MusicBox;
			packageProductDependencies = (
				2D01B1362C0A1515004E6102 /* Sparkle */,
			);
			productName = MusicBox;
			productReference = 2D2800902BCE1F20007A55D5 /* MusicBox.app */;
			productType = "com.apple.product-type.application";
		};
/* End PBXNativeTarget section */

/* Begin PBXProject section */
		2D2800882BCE1F20007A55D5 /* Project object */ = {
			isa = PBXProject;
			attributes = {
				BuildIndependentTargetsInParallel = 1;
				LastSwiftUpdateCheck = 1530;
				LastUpgradeCheck = 2600;
				TargetAttributes = {
					2D28008F2BCE1F20007A55D5 = {
						CreatedOnToolsVersion = 15.3;
						LastSwiftMigration = 1530;
					};
					A1B2C3D4E5F60718293A4B63 = {
						CreatedOnToolsVersion = 17.0;
						TestTargetID = 2D28008F2BCE1F20007A55D5;
					};
				};
			};
			buildConfigurationList = 2D28008B2BCE1F20007A55D5 /* Build configuration list for PBXProject "MusicBox" */;
			compatibilityVersion = "Xcode 14.0";
			developmentRegion = en;
			hasScannedForEncodings = 0;
			knownRegions = (
				en,
				Base,
			);
			mainGroup = 2D2800872BCE1F20007A55D5;
			packageReferences = (
				2D01B1352C0A1515004E6102 /* XCRemoteSwiftPackageReference "Sparkle" */,
			);
			productRefGroup = 2D2800912BCE1F20007A55D5 /* Products */;
			projectDirPath = "";
			projectRoot = "";
			targets = (
				2D28008F2BCE1F20007A55D5 /* MusicBox */,
				A1B2C3D4E5F60718293A4B63 /* MusicBoxTests */,
			);
		};
/* End PBXProject section */

/* Begin PBXTargetDependency section */
		A1B2C3D4E5F60718293A4B68 /* PBXTargetDependency */ = {
			isa = PBXTargetDependency;
			target = 2D28008F2BCE1F20007A55D5 /* MusicBox */;
			targetProxy = A1B2C3D4E5F60718293A4B67 /* PBXContainerItemProxy */;
		};
/* End PBXTargetDependency section */

/* Begin PBXResourcesBuildPhase section */
		2D28008E2BCE1F20007A55D5 /* Resources */ = {
			isa = PBXResourcesBuildPhase;
			buildActionMask = 2147483647;
			files = (
				2D28009B2BCE1F21007A55D5 /* Preview Assets.xcassets in Resources */,
				2D2800982BCE1F21007A55D5 /* Assets.xcassets in Resources */,
				A2000000000000000000000F /* Localizable.xcstrings in Resources */,
			);
			runOnlyForDeploymentPostprocessing = 0;
		};
/* End PBXResourcesBuildPhase section */

/* Begin PBXSourcesBuildPhase section */
		A1B2C3D4E5F60718293A4B66 /* Sources */ = {
			isa = PBXSourcesBuildPhase;
			buildActionMask = 2147483647;
			files = (
				A1B2C3D4E5F60718293A4B61 /* NeteaseHTTPClientTests.swift in Sources */,
				A1B2C3D4E5F60718293A4B6D /* PlaybackQueueTests.swift in Sources */,
				A1B2C3D4E5F60718293A4B6E /* PlaybackStoreTests.swift in Sources */,
				A1B2C3D4E5F60718293A4B70 /* FeatureModelsTests.swift in Sources */,
				A1B2C3D4E5F60718293A4B72 /* AppSettingsTests.swift in Sources */,
			);
			runOnlyForDeploymentPostprocessing = 0;
		};
		2D28008C2BCE1F20007A55D5 /* Sources */ = {
			isa = PBXSourcesBuildPhase;
			buildActionMask = 2147483647;
			files = (
				2DED51CF2BD3806D00F9D181 /* CloudMusicApi.swift in Sources */,
				A1B2C3D4E5F60718293A4B5D /* NeteaseHTTPClient.swift in Sources */,
				B10A00010000000000000001 /* NeteasePlaybackClient.swift in Sources */,
				B10A00010000000000000003 /* PlaybackReportingCoordinator.swift in Sources */,
				2DC8FDB62BF7C58900D21F6A /* ResourceLoaderDelegate.swift in Sources */,
				2DC8FDB42BF7C58900D21F6A /* CachingPlayerItemConfiguration.swift in Sources */,
				2D2800DD2BD21FE9007A55D5 /* PlaylistItem.swift in Sources */,
				2DC8FDB32BF7C58900D21F6A /* CachingPlayerItem.swift in Sources */,
				2DC8FDB52BF7C58900D21F6A /* MediaFileHandle.swift in Sources */,
				2D2800942BCE1F20007A55D5 /* MusicBoxApp.swift in Sources */,
				2DC8FDB72BF7C58900D21F6A /* URLExtension.swift in Sources */,
				A20000000000000000000001 /* AppShellView.swift in Sources */,
				A20000000000000000000002 /* AppModel.swift in Sources */,
				A20000000000000000000003 /* AppSettings.swift in Sources */,
				A20000000000000000000016 /* ExploreFeatureModel.swift in Sources */,
				A20000000000000000000017 /* PlaylistFeatureModel.swift in Sources */,
				A20000000000000000000018 /* CloudFilesFeatureModel.swift in Sources */,
				A20000000000000000000019 /* CommentsFeatureModel.swift in Sources */,
				A20000000000000000000007 /* PlaybackQueue.swift in Sources */,
				A20000000000000000000008 /* PlaybackStore.swift in Sources */,
				A20000000000000000000009 /* LyricsController.swift in Sources */,
				A2000000000000000000000A /* SystemPlaybackBridge.swift in Sources */,
				A2000000000000000000000B /* PlayerViews.swift in Sources */,
				A20000000000000000000010 /* PlaybackPresentationModel.swift in Sources */,
				A20000000000000000000011 /* AccountFeatureScreen.swift in Sources */,
				A20000000000000000000012 /* ExploreFeatureScreen.swift in Sources */,
				A20000000000000000000013 /* PlaylistFeatureScreen.swift in Sources */,
				A20000000000000000000014 /* CloudFilesFeatureScreen.swift in Sources */,
				A20000000000000000000015 /* CommentsFeatureWindow.swift in Sources */,
				A2000000000000000000000C /* MusicRepository.swift in Sources */,
				A2000000000000000000000D /* PlayerOverlayMetrics.swift in Sources */,
				A2000000000000000000000E /* FoundationExtensions.swift in Sources */,
			);
			runOnlyForDeploymentPostprocessing = 0;
		};
/* End PBXSourcesBuildPhase section */

/* Begin XCBuildConfiguration section */
		2D28009D2BCE1F21007A55D5 /* Debug */ = {
			isa = XCBuildConfiguration;
			buildSettings = {
				ALWAYS_SEARCH_USER_PATHS = NO;
				ASSETCATALOG_COMPILER_GENERATE_SWIFT_ASSET_SYMBOL_EXTENSIONS = YES;
				CLANG_ANALYZER_NONNULL = YES;
				CLANG_ANALYZER_NUMBER_OBJECT_CONVERSION = YES_AGGRESSIVE;
				CLANG_CXX_LANGUAGE_STANDARD = "gnu++20";
				CLANG_ENABLE_MODULES = YES;
				CLANG_ENABLE_OBJC_ARC = YES;
				CLANG_ENABLE_OBJC_WEAK = YES;
				CLANG_WARN_BLOCK_CAPTURE_AUTORELEASING = YES;
				CLANG_WARN_BOOL_CONVERSION = YES;
				CLANG_WARN_COMMA = YES;
				CLANG_WARN_CONSTANT_CONVERSION = YES;
				CLANG_WARN_DEPRECATED_OBJC_IMPLEMENTATIONS = YES;
				CLANG_WARN_DIRECT_OBJC_ISA_USAGE = YES_ERROR;
				CLANG_WARN_DOCUMENTATION_COMMENTS = YES;
				CLANG_WARN_EMPTY_BODY = YES;
				CLANG_WARN_ENUM_CONVERSION = YES;
				CLANG_WARN_INFINITE_RECURSION = YES;
				CLANG_WARN_INT_CONVERSION = YES;
				CLANG_WARN_NON_LITERAL_NULL_CONVERSION = YES;
				CLANG_WARN_OBJC_IMPLICIT_RETAIN_SELF = YES;
				CLANG_WARN_OBJC_LITERAL_CONVERSION = YES;
				CLANG_WARN_OBJC_ROOT_CLASS = YES_ERROR;
				CLANG_WARN_QUOTED_INCLUDE_IN_FRAMEWORK_HEADER = YES;
				CLANG_WARN_RANGE_LOOP_ANALYSIS = YES;
				CLANG_WARN_STRICT_PROTOTYPES = YES;
				CLANG_WARN_SUSPICIOUS_MOVE = YES;
				CLANG_WARN_UNGUARDED_AVAILABILITY = YES_AGGRESSIVE;
				CLANG_WARN_UNREACHABLE_CODE = YES;
				CLANG_WARN__DUPLICATE_METHOD_MATCH = YES;
				COPY_PHASE_STRIP = NO;
				DEAD_CODE_STRIPPING = YES;
				DEBUG_INFORMATION_FORMAT = dwarf;
				DEVELOPMENT_TEAM = WL4FUY6R56;
				ENABLE_STRICT_OBJC_MSGSEND = YES;
				ENABLE_TESTABILITY = YES;
				ENABLE_USER_SCRIPT_SANDBOXING = YES;
				GCC_C_LANGUAGE_STANDARD = gnu17;
				GCC_DYNAMIC_NO_PIC = NO;
				GCC_NO_COMMON_BLOCKS = YES;
				GCC_OPTIMIZATION_LEVEL = 0;
				GCC_PREPROCESSOR_DEFINITIONS = (
					"DEBUG=1",
					"$(inherited)",
				);
				GCC_WARN_64_TO_32_BIT_CONVERSION = YES;
				GCC_WARN_ABOUT_RETURN_TYPE = YES_ERROR;
				GCC_WARN_UNDECLARED_SELECTOR = YES;
				GCC_WARN_UNINITIALIZED_AUTOS = YES_AGGRESSIVE;
				GCC_WARN_UNUSED_FUNCTION = YES;
				GCC_WARN_UNUSED_VARIABLE = YES;
				LOCALIZATION_PREFERS_STRING_CATALOGS = YES;
				MACOSX_DEPLOYMENT_TARGET = 26.0;
				MTL_ENABLE_DEBUG_INFO = INCLUDE_SOURCE;
				MTL_FAST_MATH = YES;
				ONLY_ACTIVE_ARCH = YES;
				SDKROOT = macosx;
				STRING_CATALOG_GENERATE_SYMBOLS = YES;
				SWIFT_ACTIVE_COMPILATION_CONDITIONS = "DEBUG $(inherited)";
				SWIFT_OPTIMIZATION_LEVEL = "-Onone";
			};
			name = Debug;
		};
		2D28009E2BCE1F21007A55D5 /* Release */ = {
			isa = XCBuildConfiguration;
			buildSettings = {
				ALWAYS_SEARCH_USER_PATHS = NO;
				ASSETCATALOG_COMPILER_GENERATE_SWIFT_ASSET_SYMBOL_EXTENSIONS = YES;
				CLANG_ANALYZER_NONNULL = YES;
				CLANG_ANALYZER_NUMBER_OBJECT_CONVERSION = YES_AGGRESSIVE;
				CLANG_CXX_LANGUAGE_STANDARD = "gnu++20";
				CLANG_ENABLE_MODULES = YES;
				CLANG_ENABLE_OBJC_ARC = YES;
				CLANG_ENABLE_OBJC_WEAK = YES;
				CLANG_WARN_BLOCK_CAPTURE_AUTORELEASING = YES;
				CLANG_WARN_BOOL_CONVERSION = YES;
				CLANG_WARN_COMMA = YES;
				CLANG_WARN_CONSTANT_CONVERSION = YES;
				CLANG_WARN_DEPRECATED_OBJC_IMPLEMENTATIONS = YES;
				CLANG_WARN_DIRECT_OBJC_ISA_USAGE = YES_ERROR;
				CLANG_WARN_DOCUMENTATION_COMMENTS = YES;
				CLANG_WARN_EMPTY_BODY = YES;
				CLANG_WARN_ENUM_CONVERSION = YES;
				CLANG_WARN_INFINITE_RECURSION = YES;
				CLANG_WARN_INT_CONVERSION = YES;
				CLANG_WARN_NON_LITERAL_NULL_CONVERSION = YES;
				CLANG_WARN_OBJC_IMPLICIT_RETAIN_SELF = YES;
				CLANG_WARN_OBJC_LITERAL_CONVERSION = YES;
				CLANG_WARN_OBJC_ROOT_CLASS = YES_ERROR;
				CLANG_WARN_QUOTED_INCLUDE_IN_FRAMEWORK_HEADER = YES;
				CLANG_WARN_RANGE_LOOP_ANALYSIS = YES;
				CLANG_WARN_STRICT_PROTOTYPES = YES;
				CLANG_WARN_SUSPICIOUS_MOVE = YES;
				CLANG_WARN_UNGUARDED_AVAILABILITY = YES_AGGRESSIVE;
				CLANG_WARN_UNREACHABLE_CODE = YES;
				CLANG_WARN__DUPLICATE_METHOD_MATCH = YES;
				COPY_PHASE_STRIP = NO;
				DEAD_CODE_STRIPPING = YES;
				DEBUG_INFORMATION_FORMAT = "dwarf-with-dsym";
				DEVELOPMENT_TEAM = WL4FUY6R56;
				ENABLE_NS_ASSERTIONS = NO;
				ENABLE_STRICT_OBJC_MSGSEND = YES;
				ENABLE_USER_SCRIPT_SANDBOXING = YES;
				GCC_C_LANGUAGE_STANDARD = gnu17;
				GCC_NO_COMMON_BLOCKS = YES;
				GCC_WARN_64_TO_32_BIT_CONVERSION = YES;
				GCC_WARN_ABOUT_RETURN_TYPE = YES_ERROR;
				GCC_WARN_UNDECLARED_SELECTOR = YES;
				GCC_WARN_UNINITIALIZED_AUTOS = YES_AGGRESSIVE;
				GCC_WARN_UNUSED_FUNCTION = YES;
				GCC_WARN_UNUSED_VARIABLE = YES;
				LOCALIZATION_PREFERS_STRING_CATALOGS = YES;
				MACOSX_DEPLOYMENT_TARGET = 26.0;
				MTL_ENABLE_DEBUG_INFO = NO;
				MTL_FAST_MATH = YES;
				SDKROOT = macosx;
				STRING_CATALOG_GENERATE_SYMBOLS = YES;
				SWIFT_COMPILATION_MODE = wholemodule;
			};
			name = Release;
		};
		2D2800A02BCE1F21007A55D5 /* Debug */ = {
			isa = XCBuildConfiguration;
			buildSettings = {
				ASSETCATALOG_COMPILER_APPICON_NAME = AppIcon;
				ASSETCATALOG_COMPILER_GLOBAL_ACCENT_COLOR_NAME = AccentColor;
				CLANG_ENABLE_MODULES = YES;
				CODE_SIGN_ENTITLEMENTS = MusicBox/MusicBox.entitlements;
				"CODE_SIGN_IDENTITY[sdk=macosx*]" = "Apple Development";
				CODE_SIGN_STYLE = Automatic;
				COMBINE_HIDPI_IMAGES = YES;
				CURRENT_PROJECT_VERSION = 1;
				DEAD_CODE_STRIPPING = YES;
				DEVELOPMENT_ASSET_PATHS = "\"MusicBox/Preview Content\"";
				ENABLE_APP_SANDBOX = YES;
				ENABLE_FILE_ACCESS_MUSIC_FOLDER = readwrite;
				ENABLE_HARDENED_RUNTIME = YES;
				ENABLE_OUTGOING_NETWORK_CONNECTIONS = YES;
				ENABLE_PREVIEWS = YES;
				ENABLE_USER_SELECTED_FILES = readwrite;
				GENERATE_INFOPLIST_FILE = YES;
				INFOPLIST_FILE = MusicBox/Info.plist;
				INFOPLIST_KEY_LSApplicationCategoryType = "public.app-category.music";
				INFOPLIST_KEY_NSHumanReadableCopyright = "";
				LD_RUNPATH_SEARCH_PATHS = (
					"$(inherited)",
					"@executable_path/../Frameworks",
				);
				MACOSX_DEPLOYMENT_TARGET = 26.0;
				MARKETING_VERSION = 1.0;
				OTHER_LDFLAGS = "";
				PRODUCT_BUNDLE_IDENTIFIER = me.elsanna.MusicBox;
				PRODUCT_NAME = "$(TARGET_NAME)";
				SWIFT_EMIT_LOC_STRINGS = YES;
				SWIFT_OPTIMIZATION_LEVEL = "-Onone";
				SWIFT_VERSION = 5.0;
			};
			name = Debug;
		};
		2D2800A12BCE1F21007A55D5 /* Release */ = {
			isa = XCBuildConfiguration;
			buildSettings = {
				ASSETCATALOG_COMPILER_APPICON_NAME = AppIcon;
				ASSETCATALOG_COMPILER_GLOBAL_ACCENT_COLOR_NAME = AccentColor;
				CLANG_ENABLE_MODULES = YES;
				CODE_SIGN_ENTITLEMENTS = MusicBox/MusicBox.entitlements;
				"CODE_SIGN_IDENTITY[sdk=macosx*]" = "Apple Development";
				CODE_SIGN_STYLE = Automatic;
				COMBINE_HIDPI_IMAGES = YES;
				CURRENT_PROJECT_VERSION = 1;
				DEAD_CODE_STRIPPING = YES;
				DEVELOPMENT_ASSET_PATHS = "\"MusicBox/Preview Content\"";
				ENABLE_APP_SANDBOX = YES;
				ENABLE_FILE_ACCESS_MUSIC_FOLDER = readwrite;
				ENABLE_HARDENED_RUNTIME = YES;
				ENABLE_OUTGOING_NETWORK_CONNECTIONS = YES;
				ENABLE_PREVIEWS = YES;
				ENABLE_USER_SELECTED_FILES = readwrite;
				GENERATE_INFOPLIST_FILE = YES;
				INFOPLIST_FILE = MusicBox/Info.plist;
				INFOPLIST_KEY_LSApplicationCategoryType = "public.app-category.music";
				INFOPLIST_KEY_NSHumanReadableCopyright = "";
				LD_RUNPATH_SEARCH_PATHS = (
					"$(inherited)",
					"@executable_path/../Frameworks",
				);
				MACOSX_DEPLOYMENT_TARGET = 26.0;
				MARKETING_VERSION = 1.0;
				OTHER_LDFLAGS = "";
				PRODUCT_BUNDLE_IDENTIFIER = me.elsanna.MusicBox;
				PRODUCT_NAME = "$(TARGET_NAME)";
				SWIFT_EMIT_LOC_STRINGS = YES;
				SWIFT_VERSION = 5.0;
			};
			name = Release;
		};
		A1B2C3D4E5F60718293A4B69 /* Debug */ = {
			isa = XCBuildConfiguration;
			buildSettings = {
				BUNDLE_LOADER = "$(TEST_HOST)";
				CODE_SIGN_STYLE = Automatic;
				GENERATE_INFOPLIST_FILE = YES;
				MACOSX_DEPLOYMENT_TARGET = 26.0;
				PRODUCT_BUNDLE_IDENTIFIER = me.elsanna.MusicBoxTests;
				PRODUCT_NAME = "$(TARGET_NAME)";
				SWIFT_VERSION = 5.0;
				TEST_HOST = "$(BUILT_PRODUCTS_DIR)/MusicBox.app/Contents/MacOS/MusicBox";
				TEST_TARGET_NAME = MusicBox;
			};
			name = Debug;
		};
		A1B2C3D4E5F60718293A4B6A /* Release */ = {
			isa = XCBuildConfiguration;
			buildSettings = {
				BUNDLE_LOADER = "$(TEST_HOST)";
				CODE_SIGN_STYLE = Automatic;
				GENERATE_INFOPLIST_FILE = YES;
				MACOSX_DEPLOYMENT_TARGET = 26.0;
				PRODUCT_BUNDLE_IDENTIFIER = me.elsanna.MusicBoxTests;
				PRODUCT_NAME = "$(TARGET_NAME)";
				SWIFT_VERSION = 5.0;
				TEST_HOST = "$(BUILT_PRODUCTS_DIR)/MusicBox.app/Contents/MacOS/MusicBox";
				TEST_TARGET_NAME = MusicBox;
			};
			name = Release;
		};
/* End XCBuildConfiguration section */

/* Begin XCConfigurationList section */
		2D28008B2BCE1F20007A55D5 /* Build configuration list for PBXProject "MusicBox" */ = {
			isa = XCConfigurationList;
			buildConfigurations = (
				2D28009D2BCE1F21007A55D5 /* Debug */,
				2D28009E2BCE1F21007A55D5 /* Release */,
			);
			defaultConfigurationIsVisible = 0;
			defaultConfigurationName = Release;
		};
		2D28009F2BCE1F21007A55D5 /* Build configuration list for PBXNativeTarget "MusicBox" */ = {
			isa = XCConfigurationList;
			buildConfigurations = (
				2D2800A02BCE1F21007A55D5 /* Debug */,
				2D2800A12BCE1F21007A55D5 /* Release */,
			);
			defaultConfigurationIsVisible = 0;
			defaultConfigurationName = Release;
		};
		A1B2C3D4E5F60718293A4B6B /* Build configuration list for PBXNativeTarget "MusicBoxTests" */ = {
			isa = XCConfigurationList;
			buildConfigurations = (
				A1B2C3D4E5F60718293A4B69 /* Debug */,
				A1B2C3D4E5F60718293A4B6A /* Release */,
			);
			defaultConfigurationIsVisible = 0;
			defaultConfigurationName = Release;
		};
/* End XCConfigurationList section */

/* Begin XCRemoteSwiftPackageReference section */
		2D01B1352C0A1515004E6102 /* XCRemoteSwiftPackageReference "Sparkle" */ = {
			isa = XCRemoteSwiftPackageReference;
			repositoryURL = "https://github.com/sparkle-project/Sparkle";
			requirement = {
				kind = upToNextMajorVersion;
				minimumVersion = 2.6.2;
			};
		};
/* End XCRemoteSwiftPackageReference section */

/* Begin XCSwiftPackageProductDependency section */
		2D01B1362C0A1515004E6102 /* Sparkle */ = {
			isa = XCSwiftPackageProductDependency;
			package = 2D01B1352C0A1515004E6102 /* XCRemoteSwiftPackageReference "Sparkle" */;
			productName = Sparkle;
		};
/* End XCSwiftPackageProductDependency section */
	};
	rootObject = 2D2800882BCE1F20007A55D5 /* Project object */;
}
